
Microsoft Visual Studio Solution File, Format Version 12.00
# Visual Studio Version 16
VisualStudioVersion = 16.0.30611.23
MinimumVisualStudioVersion = 10.0.40219.1
Project("{FAE04EC0-301F-11D3-BF4B-00C04F79EFBC}") = "covid", "covid\covid.csproj", "{D4A98A93-F6D9-40F8-8104-D4C1EA850DE4}"
EndProject
Global
	GlobalSection(SolutionConfigurationPlatforms) = preSolution
		Debug|Any CPU = Debug|Any CPU
		Release|Any CPU = Release|Any CPU
	EndGlobalSection
	GlobalSection(ProjectConfigurationPlatforms) = postSolution
		{D4A98A93-F6D9-40F8-8104-D4C1EA850DE4}.Debug|Any CPU.ActiveCfg = Debug|Any CPU
		{D4A98A93-F6D9-40F8-8104-D4C1EA850DE4}.Debug|Any CPU.Build.0 = Debug|Any CPU
		{D4A98A93-F6D9-40F8-8104-D4C1EA850DE4}.Release|Any CPU.ActiveCfg = Release|Any CPU
		{D4A98A93-F6D9-40F8-8104-D4C1EA850DE4}.Release|Any CPU.Build.0 = Release|Any CPU
	EndGlobalSection
	GlobalSection(SolutionProperties) = preSolution
		HideSolutionNode = FALSE
	EndGlobalSection
	GlobalSection(ExtensibilityGlobals) = postSolution
		SolutionGuid = {97C6B48B-1D43-431C-B887-4BE3013585F7}
	EndGlobalSection
EndGlobal
